
Microsoft Visual Studio Solution File, Format Version 12.00
# Visual Studio 15
VisualStudioVersion = 15.0.27428.2043
MinimumVisualStudioVersion = 10.0.40219.1
Project("{FAE04EC0-301F-11D3-BF4B-00C04F79EFBC}") = "LaboratorioXamarin.Android", "LaboratorioXamarin\LaboratorioXamarin.Android\LaboratorioXamarin.Android.csproj", "{78721743-6B14-410E-8B73-C60A791FB97E}"
EndProject
Project("{FAE04EC0-301F-11D3-BF4B-00C04F79EFBC}") = "LaboratorioXamarin.iOS", "LaboratorioXamarin\LaboratorioXamarin.iOS\LaboratorioXamarin.iOS.csproj", "{BEA7D252-A11A-45B3-93EC-B97836C79288}"
EndProject
Project("{FAE04EC0-301F-11D3-BF4B-00C04F79EFBC}") = "LaboratorioXamarin.UWP", "LaboratorioXamarin\LaboratorioXamarin.UWP\LaboratorioXamarin.UWP.csproj", "{84211158-4D8B-488D-8F46-302367B4F2A0}"
EndProject
Project("{FAE04EC0-301F-11D3-BF4B-00C04F79EFBC}") = "LaboratorioXamarin", "LaboratorioXamarin\LaboratorioXamarin\LaboratorioXamarin.csproj", "{7CFBC8CB-E14D-4AAF-8FDE-9AE5DE916D82}"
EndProject
Global
	GlobalSection(SolutionConfigurationPlatforms) = preSolution
		Ad-Hoc|Any CPU = Ad-Hoc|Any CPU
		Ad-Hoc|ARM = Ad-Hoc|ARM
		Ad-Hoc|iPhone = Ad-Hoc|iPhone
		Ad-Hoc|iPhoneSimulator = Ad-Hoc|iPhoneSimulator
		Ad-Hoc|x64 = Ad-Hoc|x64
		Ad-Hoc|x86 = Ad-Hoc|x86
		AppStore|Any CPU = AppStore|Any CPU
		AppStore|ARM = AppStore|ARM
		AppStore|iPhone = AppStore|iPhone
		AppStore|iPhoneSimulator = AppStore|iPhoneSimulator
		AppStore|x64 = AppStore|x64
		AppStore|x86 = AppStore|x86
		Debug|Any CPU = Debug|Any CPU
		Debug|ARM = Debug|ARM
		Debug|iPhone = Debug|iPhone
		Debug|iPhoneSimulator = Debug|iPhoneSimulator
		Debug|x64 = Debug|x64
		Debug|x86 = Debug|x86
		Release|Any CPU = Release|Any CPU
		Release|ARM = Release|ARM
		Release|iPhone = Release|iPhone
		Release|iPhoneSimulator = Release|iPhoneSimulator
		Release|x64 = Release|x64
		Release|x86 = Release|x86
	EndGlobalSection
	GlobalSection(ProjectConfigurationPlatforms) = postSolution
		{78721743-6B14-410E-8B73-C60A791FB97E}.Ad-Hoc|Any CPU.ActiveCfg = Release|Any CPU
		{78721743-6B14-410E-8B73-C60A791FB97E}.Ad-Hoc|Any CPU.Build.0 = Release|Any CPU
		{78721743-6B14-410E-8B73-C60A791FB97E}.Ad-Hoc|Any CPU.Deploy.0 = Release|Any CPU
		{78721743-6B14-410E-8B73-C60A791FB97E}.Ad-Hoc|ARM.ActiveCfg = Release|Any CPU
		{78721743-6B14-410E-8B73-C60A791FB97E}.Ad-Hoc|ARM.Build.0 = Release|Any CPU
		{78721743-6B14-410E-8B73-C60A791FB97E}.Ad-Hoc|ARM.Deploy.0 = Release|Any CPU
		{78721743-6B14-410E-8B73-C60A791FB97E}.Ad-Hoc|iPhone.ActiveCfg = Release|Any CPU
		{78721743-6B14-410E-8B73-C60A791FB97E}.Ad-Hoc|iPhone.Build.0 = Release|Any CPU
		{78721743-6B14-410E-8B73-C60A791FB97E}.Ad-Hoc|iPhone.Deploy.0 = Release|Any CPU
		{78721743-6B14-410E-8B73-C60A791FB97E}.Ad-Hoc|iPhoneSimulator.ActiveCfg = Release|Any CPU
		{78721743-6B14-410E-8B73-C60A791FB97E}.Ad-Hoc|iPhoneSimulator.Build.0 = Release|Any CPU
		{78721743-6B14-410E-8B73-C60A791FB97E}.Ad-Hoc|iPhoneSimulator.Deploy.0 = Release|Any CPU
		{78721743-6B14-410E-8B73-C60A791FB97E}.Ad-Hoc|x64.ActiveCfg = Release|Any CPU
		{78721743-6B14-410E-8B73-C60A791FB97E}.Ad-Hoc|x64.Build.0 = Release|Any CPU
		{78721743-6B14-410E-8B73-C60A791FB97E}.Ad-Hoc|x64.Deploy.0 = Release|Any CPU
		{78721743-6B14-410E-8B73-C60A791FB97E}.Ad-Hoc|x86.ActiveCfg = Release|Any CPU
		{78721743-6B14-410E-8B73-C60A791FB97E}.Ad-Hoc|x86.Build.0 = Release|Any CPU
		{78721743-6B14-410E-8B73-C60A791FB97E}.Ad-Hoc|x86.Deploy.0 = Release|Any CPU
		{78721743-6B14-410E-8B73-C60A791FB97E}.AppStore|Any CPU.ActiveCfg = Release|Any CPU
		{78721743-6B14-410E-8B73-C60A791FB97E}.AppStore|Any CPU.Build.0 = Release|Any CPU
		{78721743-6B14-410E-8B73-C60A791FB97E}.AppStore|Any CPU.Deploy.0 = Release|Any CPU
		{78721743-6B14-410E-8B73-C60A791FB97E}.AppStore|ARM.ActiveCfg = Release|Any CPU
		{78721743-6B14-410E-8B73-C60A791FB97E}.AppStore|ARM.Build.0 = Release|Any CPU
		{78721743-6B14-410E-8B73-C60A791FB97E}.AppStore|ARM.Deploy.0 = Release|Any CPU
		{78721743-6B14-410E-8B73-C60A791FB97E}.AppStore|iPhone.ActiveCfg = Release|Any CPU
		{78721743-6B14-410E-8B73-C60A791FB97E}.AppStore|iPhone.Build.0 = Release|Any CPU
		{78721743-6B14-410E-8B73-C60A791FB97E}.AppStore|iPhone.Deploy.0 = Release|Any CPU
		{78721743-6B14-410E-8B73-C60A791FB97E}.AppStore|iPhoneSimulator.ActiveCfg = Release|Any CPU
		{78721743-6B14-410E-8B73-C60A791FB97E}.AppStore|iPhoneSimulator.Build.0 = Release|Any CPU
		{78721743-6B14-410E-8B73-C60A791FB97E}.AppStore|iPhoneSimulator.Deploy.0 = Release|Any CPU
		{78721743-6B14-410E-8B73-C60A791FB97E}.AppStore|x64.ActiveCfg = Release|Any CPU
		{78721743-6B14-410E-8B73-C60A791FB97E}.AppStore|x64.Build.0 = Release|Any CPU
		{78721743-6B14-410E-8B73-C60A791FB97E}.AppStore|x64.Deploy.0 = Release|Any CPU
		{78721743-6B14-410E-8B73-C60A791FB97E}.AppStore|x86.ActiveCfg = Release|Any CPU
		{78721743-6B14-410E-8B73-C60A791FB97E}.AppStore|x86.Build.0 = Release|Any CPU
		{78721743-6B14-410E-8B73-C60A791FB97E}.AppStore|x86.Deploy.0 = Release|Any CPU
		{78721743-6B14-410E-8B73-C60A791FB97E}.Debug|Any CPU.ActiveCfg = Debug|Any CPU
		{78721743-6B14-410E-8B73-C60A791FB97E}.Debug|Any CPU.Build.0 = Debug|Any CPU
		{78721743-6B14-410E-8B73-C60A791FB97E}.Debug|Any CPU.Deploy.0 = Debug|Any CPU
		{78721743-6B14-410E-8B73-C60A791FB97E}.Debug|ARM.ActiveCfg = Debug|Any CPU
		{78721743-6B14-410E-8B73-C60A791FB97E}.Debug|ARM.Build.0 = Debug|Any CPU
		{78721743-6B14-410E-8B73-C60A791FB97E}.Debug|ARM.Deploy.0 = Debug|Any CPU
		{78721743-6B14-410E-8B73-C60A791FB97E}.Debug|iPhone.ActiveCfg = Debug|Any CPU
		{78721743-6B14-410E-8B73-C60A791FB97E}.Debug|iPhone.Build.0 = Debug|Any CPU
		{78721743-6B14-410E-8B73-C60A791FB97E}.Debug|iPhone.Deploy.0 = Debug|Any CPU
		{78721743-6B14-410E-8B73-C60A791FB97E}.Debug|iPhoneSimulator.ActiveCfg = Debug|Any CPU
		{78721743-6B14-410E-8B73-C60A791FB97E}.Debug|iPhoneSimulator.Build.0 = Debug|Any CPU
		{78721743-6B14-410E-8B73-C60A791FB97E}.Debug|iPhoneSimulator.Deploy.0 = Debug|Any CPU
		{78721743-6B14-410E-8B73-C60A791FB97E}.Debug|x64.ActiveCfg = Debug|Any CPU
		{78721743-6B14-410E-8B73-C60A791FB97E}.Debug|x64.Build.0 = Debug|Any CPU
		{78721743-6B14-410E-8B73-C60A791FB97E}.Debug|x64.Deploy.0 = Debug|Any CPU
		{78721743-6B14-410E-8B73-C60A791FB97E}.Debug|x86.ActiveCfg = Debug|Any CPU
		{78721743-6B14-410E-8B73-C60A791FB97E}.Debug|x86.Build.0 = Debug|Any CPU
		{78721743-6B14-410E-8B73-C60A791FB97E}.Debug|x86.Deploy.0 = Debug|Any CPU
		{78721743-6B14-410E-8B73-C60A791FB97E}.Release|Any CPU.ActiveCfg = Release|Any CPU
		{78721743-6B14-410E-8B73-C60A791FB97E}.Release|Any CPU.Build.0 = Release|Any CPU
		{78721743-6B14-410E-8B73-C60A791FB97E}.Release|Any CPU.Deploy.0 = Release|Any CPU
		{78721743-6B14-410E-8B73-C60A791FB97E}.Release|ARM.ActiveCfg = Release|Any CPU
		{78721743-6B14-410E-8B73-C60A791FB97E}.Release|ARM.Build.0 = Release|Any CPU
		{78721743-6B14-410E-8B73-C60A791FB97E}.Release|ARM.Deploy.0 = Release|Any CPU
		{78721743-6B14-410E-8B73-C60A791FB97E}.Release|iPhone.ActiveCfg = Release|Any CPU
		{78721743-6B14-410E-8B73-C60A791FB97E}.Release|iPhone.Build.0 = Release|Any CPU
		{78721743-6B14-410E-8B73-C60A791FB97E}.Release|iPhone.Deploy.0 = Release|Any CPU
		{78721743-6B14-410E-8B73-C60A791FB97E}.Release|iPhoneSimulator.ActiveCfg = Release|Any CPU
		{78721743-6B14-410E-8B73-C60A791FB97E}.Release|iPhoneSimulator.Build.0 = Release|Any CPU
		{78721743-6B14-410E-8B73-C60A791FB97E}.Release|iPhoneSimulator.Deploy.0 = Release|Any CPU
		{78721743-6B14-410E-8B73-C60A791FB97E}.Release|x64.ActiveCfg = Release|Any CPU
		{78721743-6B14-410E-8B73-C60A791FB97E}.Release|x64.Build.0 = Release|Any CPU
		{78721743-6B14-410E-8B73-C60A791FB97E}.Release|x64.Deploy.0 = Release|Any CPU
		{78721743-6B14-410E-8B73-C60A791FB97E}.Release|x86.ActiveCfg = Release|Any CPU
		{78721743-6B14-410E-8B73-C60A791FB97E}.Release|x86.Build.0 = Release|Any CPU
		{78721743-6B14-410E-8B73-C60A791FB97E}.Release|x86.Deploy.0 = Release|Any CPU
		{BEA7D252-A11A-45B3-93EC-B97836C79288}.Ad-Hoc|Any CPU.ActiveCfg = Ad-Hoc|iPhone
		{BEA7D252-A11A-45B3-93EC-B97836C79288}.Ad-Hoc|ARM.ActiveCfg = Ad-Hoc|iPhone
		{BEA7D252-A11A-45B3-93EC-B97836C79288}.Ad-Hoc|iPhone.ActiveCfg = Ad-Hoc|iPhone
		{BEA7D252-A11A-45B3-93EC-B97836C79288}.Ad-Hoc|iPhone.Build.0 = Ad-Hoc|iPhone
		{BEA7D252-A11A-45B3-93EC-B97836C79288}.Ad-Hoc|iPhoneSimulator.ActiveCfg = Ad-Hoc|iPhoneSimulator
		{BEA7D252-A11A-45B3-93EC-B97836C79288}.Ad-Hoc|iPhoneSimulator.Build.0 = Ad-Hoc|iPhoneSimulator
		{BEA7D252-A11A-45B3-93EC-B97836C79288}.Ad-Hoc|x64.ActiveCfg = Ad-Hoc|iPhone
		{BEA7D252-A11A-45B3-93EC-B97836C79288}.Ad-Hoc|x86.ActiveCfg = Ad-Hoc|iPhone
		{BEA7D252-A11A-45B3-93EC-B97836C79288}.AppStore|Any CPU.ActiveCfg = AppStore|iPhone
		{BEA7D252-A11A-45B3-93EC-B97836C79288}.AppStore|ARM.ActiveCfg = AppStore|iPhone
		{BEA7D252-A11A-45B3-93EC-B97836C79288}.AppStore|iPhone.ActiveCfg = AppStore|iPhone
		{BEA7D252-A11A-45B3-93EC-B97836C79288}.AppStore|iPhone.Build.0 = AppStore|iPhone
		{BEA7D252-A11A-45B3-93EC-B97836C79288}.AppStore|iPhoneSimulator.ActiveCfg = AppStore|iPhoneSimulator
		{BEA7D252-A11A-45B3-93EC-B97836C79288}.AppStore|iPhoneSimulator.Build.0 = AppStore|iPhoneSimulator
		{BEA7D252-A11A-45B3-93EC-B97836C79288}.AppStore|x64.ActiveCfg = AppStore|iPhone
		{BEA7D252-A11A-45B3-93EC-B97836C79288}.AppStore|x86.ActiveCfg = AppStore|iPhone
		{BEA7D252-A11A-45B3-93EC-B97836C79288}.Debug|Any CPU.ActiveCfg = Debug|iPhone
		{BEA7D252-A11A-45B3-93EC-B97836C79288}.Debug|ARM.ActiveCfg = Debug|iPhone
		{BEA7D252-A11A-45B3-93EC-B97836C79288}.Debug|iPhone.ActiveCfg = Debug|iPhone
		{BEA7D252-A11A-45B3-93EC-B97836C79288}.Debug|iPhone.Build.0 = Debug|iPhone
		{BEA7D252-A11A-45B3-93EC-B97836C79288}.Debug|iPhoneSimulator.ActiveCfg = Debug|iPhoneSimulator
		{BEA7D252-A11A-45B3-93EC-B97836C79288}.Debug|iPhoneSimulator.Build.0 = Debug|iPhoneSimulator
		{BEA7D252-A11A-45B3-93EC-B97836C79288}.Debug|x64.ActiveCfg = Debug|iPhone
		{BEA7D252-A11A-45B3-93EC-B97836C79288}.Debug|x86.ActiveCfg = Debug|iPhone
		{BEA7D252-A11A-45B3-93EC-B97836C79288}.Release|Any CPU.ActiveCfg = Release|iPhone
		{BEA7D252-A11A-45B3-93EC-B97836C79288}.Release|ARM.ActiveCfg = Release|iPhone
		{BEA7D252-A11A-45B3-93EC-B97836C79288}.Release|iPhone.ActiveCfg = Release|iPhone
		{BEA7D252-A11A-45B3-93EC-B97836C79288}.Release|iPhone.Build.0 = Release|iPhone
		{BEA7D252-A11A-45B3-93EC-B97836C79288}.Release|iPhoneSimulator.ActiveCfg = Release|iPhoneSimulator
		{BEA7D252-A11A-45B3-93EC-B97836C79288}.Release|iPhoneSimulator.Build.0 = Release|iPhoneSimulator
		{BEA7D252-A11A-45B3-93EC-B97836C79288}.Release|x64.ActiveCfg = Release|iPhone
		{BEA7D252-A11A-45B3-93EC-B97836C79288}.Release|x86.ActiveCfg = Release|iPhone
		{84211158-4D8B-488D-8F46-302367B4F2A0}.Ad-Hoc|Any CPU.ActiveCfg = Release|x86
		{84211158-4D8B-488D-8F46-302367B4F2A0}.Ad-Hoc|Any CPU.Build.0 = Release|x86
		{84211158-4D8B-488D-8F46-302367B4F2A0}.Ad-Hoc|Any CPU.Deploy.0 = Release|x86
		{84211158-4D8B-488D-8F46-302367B4F2A0}.Ad-Hoc|ARM.ActiveCfg = Release|ARM
		{84211158-4D8B-488D-8F46-302367B4F2A0}.Ad-Hoc|ARM.Build.0 = Release|ARM
		{84211158-4D8B-488D-8F46-302367B4F2A0}.Ad-Hoc|ARM.Deploy.0 = Release|ARM
		{84211158-4D8B-488D-8F46-302367B4F2A0}.Ad-Hoc|iPhone.ActiveCfg = Release|x86
		{84211158-4D8B-488D-8F46-302367B4F2A0}.Ad-Hoc|iPhone.Build.0 = Release|x86
		{84211158-4D8B-488D-8F46-302367B4F2A0}.Ad-Hoc|iPhone.Deploy.0 = Release|x86
		{84211158-4D8B-488D-8F46-302367B4F2A0}.Ad-Hoc|iPhoneSimulator.ActiveCfg = Release|x86
		{84211158-4D8B-488D-8F46-302367B4F2A0}.Ad-Hoc|iPhoneSimulator.Build.0 = Release|x86
		{84211158-4D8B-488D-8F46-302367B4F2A0}.Ad-Hoc|iPhoneSimulator.Deploy.0 = Release|x86
		{84211158-4D8B-488D-8F46-302367B4F2A0}.Ad-Hoc|x64.ActiveCfg = Release|x64
		{84211158-4D8B-488D-8F46-302367B4F2A0}.Ad-Hoc|x64.Build.0 = Release|x64
		{84211158-4D8B-488D-8F46-302367B4F2A0}.Ad-Hoc|x64.Deploy.0 = Release|x64
		{84211158-4D8B-488D-8F46-302367B4F2A0}.Ad-Hoc|x86.ActiveCfg = Release|x86
		{84211158-4D8B-488D-8F46-302367B4F2A0}.Ad-Hoc|x86.Build.0 = Release|x86
		{84211158-4D8B-488D-8F46-302367B4F2A0}.Ad-Hoc|x86.Deploy.0 = Release|x86
		{84211158-4D8B-488D-8F46-302367B4F2A0}.AppStore|Any CPU.ActiveCfg = Release|x86
		{84211158-4D8B-488D-8F46-302367B4F2A0}.AppStore|Any CPU.Build.0 = Release|x86
		{84211158-4D8B-488D-8F46-302367B4F2A0}.AppStore|Any CPU.Deploy.0 = Release|x86
		{84211158-4D8B-488D-8F46-302367B4F2A0}.AppStore|ARM.ActiveCfg = Release|ARM
		{84211158-4D8B-488D-8F46-302367B4F2A0}.AppStore|ARM.Build.0 = Release|ARM
		{84211158-4D8B-488D-8F46-302367B4F2A0}.AppStore|ARM.Deploy.0 = Release|ARM
		{84211158-4D8B-488D-8F46-302367B4F2A0}.AppStore|iPhone.ActiveCfg = Release|x86
		{84211158-4D8B-488D-8F46-302367B4F2A0}.AppStore|iPhone.Build.0 = Release|x86
		{84211158-4D8B-488D-8F46-302367B4F2A0}.AppStore|iPhone.Deploy.0 = Release|x86
		{84211158-4D8B-488D-8F46-302367B4F2A0}.AppStore|iPhoneSimulator.ActiveCfg = Release|x86
		{84211158-4D8B-488D-8F46-302367B4F2A0}.AppStore|iPhoneSimulator.Build.0 = Release|x86
		{84211158-4D8B-488D-8F46-302367B4F2A0}.AppStore|iPhoneSimulator.Deploy.0 = Release|x86
		{84211158-4D8B-488D-8F46-302367B4F2A0}.AppStore|x64.ActiveCfg = Release|x64
		{84211158-4D8B-488D-8F46-302367B4F2A0}.AppStore|x64.Build.0 = Release|x64
		{84211158-4D8B-488D-8F46-302367B4F2A0}.AppStore|x64.Deploy.0 = Release|x64
		{84211158-4D8B-488D-8F46-302367B4F2A0}.AppStore|x86.ActiveCfg = Release|x86
		{84211158-4D8B-488D-8F46-302367B4F2A0}.AppStore|x86.Build.0 = Release|x86
		{84211158-4D8B-488D-8F46-302367B4F2A0}.AppStore|x86.Deploy.0 = Release|x86
		{84211158-4D8B-488D-8F46-302367B4F2A0}.Debug|Any CPU.ActiveCfg = Debug|x86
		{84211158-4D8B-488D-8F46-302367B4F2A0}.Debug|ARM.ActiveCfg = Debug|ARM
		{84211158-4D8B-488D-8F46-302367B4F2A0}.Debug|ARM.Build.0 = Debug|ARM
		{84211158-4D8B-488D-8F46-302367B4F2A0}.Debug|ARM.Deploy.0 = Debug|ARM
		{84211158-4D8B-488D-8F46-302367B4F2A0}.Debug|iPhone.ActiveCfg = Debug|x86
		{84211158-4D8B-488D-8F46-302367B4F2A0}.Debug|iPhoneSimulator.ActiveCfg = Debug|x86
		{84211158-4D8B-488D-8F46-302367B4F2A0}.Debug|x64.ActiveCfg = Debug|x64
		{84211158-4D8B-488D-8F46-302367B4F2A0}.Debug|x64.Build.0 = Debug|x64
		{84211158-4D8B-488D-8F46-302367B4F2A0}.Debug|x64.Deploy.0 = Debug|x64
		{84211158-4D8B-488D-8F46-302367B4F2A0}.Debug|x86.ActiveCfg = Debug|x86
		{84211158-4D8B-488D-8F46-302367B4F2A0}.Debug|x86.Build.0 = Debug|x86
		{84211158-4D8B-488D-8F46-302367B4F2A0}.Debug|x86.Deploy.0 = Debug|x86
		{84211158-4D8B-488D-8F46-302367B4F2A0}.Release|Any CPU.ActiveCfg = Release|x86
		{84211158-4D8B-488D-8F46-302367B4F2A0}.Release|ARM.ActiveCfg = Release|ARM
		{84211158-4D8B-488D-8F46-302367B4F2A0}.Release|ARM.Build.0 = Release|ARM
		{84211158-4D8B-488D-8F46-302367B4F2A0}.Release|ARM.Deploy.0 = Release|ARM
		{84211158-4D8B-488D-8F46-302367B4F2A0}.Release|iPhone.ActiveCfg = Release|x86
		{84211158-4D8B-488D-8F46-302367B4F2A0}.Release|iPhoneSimulator.ActiveCfg = Release|x86
		{84211158-4D8B-488D-8F46-302367B4F2A0}.Release|x64.ActiveCfg = Release|x64
		{84211158-4D8B-488D-8F46-302367B4F2A0}.Release|x64.Build.0 = Release|x64
		{84211158-4D8B-488D-8F46-302367B4F2A0}.Release|x64.Deploy.0 = Release|x64
		{84211158-4D8B-488D-8F46-302367B4F2A0}.Release|x86.ActiveCfg = Release|x86
		{84211158-4D8B-488D-8F46-302367B4F2A0}.Release|x86.Build.0 = Release|x86
		{84211158-4D8B-488D-8F46-302367B4F2A0}.Release|x86.Deploy.0 = Release|x86
		{7CFBC8CB-E14D-4AAF-8FDE-9AE5DE916D82}.Ad-Hoc|Any CPU.ActiveCfg = Debug|Any CPU
		{7CFBC8CB-E14D-4AAF-8FDE-9AE5DE916D82}.Ad-Hoc|Any CPU.Build.0 = Debug|Any CPU
		{7CFBC8CB-E14D-4AAF-8FDE-9AE5DE916D82}.Ad-Hoc|ARM.ActiveCfg = Debug|Any CPU
		{7CFBC8CB-E14D-4AAF-8FDE-9AE5DE916D82}.Ad-Hoc|ARM.Build.0 = Debug|Any CPU
		{7CFBC8CB-E14D-4AAF-8FDE-9AE5DE916D82}.Ad-Hoc|iPhone.ActiveCfg = Debug|Any CPU
		{7CFBC8CB-E14D-4AAF-8FDE-9AE5DE916D82}.Ad-Hoc|iPhone.Build.0 = Debug|Any CPU
		{7CFBC8CB-E14D-4AAF-8FDE-9AE5DE916D82}.Ad-Hoc|iPhoneSimulator.ActiveCfg = Debug|Any CPU
		{7CFBC8CB-E14D-4AAF-8FDE-9AE5DE916D82}.Ad-Hoc|iPhoneSimulator.Build.0 = Debug|Any CPU
		{7CFBC8CB-E14D-4AAF-8FDE-9AE5DE916D82}.Ad-Hoc|x64.ActiveCfg = Debug|Any CPU
		{7CFBC8CB-E14D-4AAF-8FDE-9AE5DE916D82}.Ad-Hoc|x64.Build.0 = Debug|Any CPU
		{7CFBC8CB-E14D-4AAF-8FDE-9AE5DE916D82}.Ad-Hoc|x86.ActiveCfg = Debug|Any CPU
		{7CFBC8CB-E14D-4AAF-8FDE-9AE5DE916D82}.Ad-Hoc|x86.Build.0 = Debug|Any CPU
		{7CFBC8CB-E14D-4AAF-8FDE-9AE5DE916D82}.AppStore|Any CPU.ActiveCfg = Debug|Any CPU
		{7CFBC8CB-E14D-4AAF-8FDE-9AE5DE916D82}.AppStore|Any CPU.Build.0 = Debug|Any CPU
		{7CFBC8CB-E14D-4AAF-8FDE-9AE5DE916D82}.AppStore|ARM.ActiveCfg = Debug|Any CPU
		{7CFBC8CB-E14D-4AAF-8FDE-9AE5DE916D82}.AppStore|ARM.Build.0 = Debug|Any CPU
		{7CFBC8CB-E14D-4AAF-8FDE-9AE5DE916D82}.AppStore|iPhone.ActiveCfg = Debug|Any CPU
		{7CFBC8CB-E14D-4AAF-8FDE-9AE5DE916D82}.AppStore|iPhone.Build.0 = Debug|Any CPU
		{7CFBC8CB-E14D-4AAF-8FDE-9AE5DE916D82}.AppStore|iPhoneSimulator.ActiveCfg = Debug|Any CPU
		{7CFBC8CB-E14D-4AAF-8FDE-9AE5DE916D82}.AppStore|iPhoneSimulator.Build.0 = Debug|Any CPU
		{7CFBC8CB-E14D-4AAF-8FDE-9AE5DE916D82}.AppStore|x64.ActiveCfg = Debug|Any CPU
		{7CFBC8CB-E14D-4AAF-8FDE-9AE5DE916D82}.AppStore|x64.Build.0 = Debug|Any CPU
		{7CFBC8CB-E14D-4AAF-8FDE-9AE5DE916D82}.AppStore|x86.ActiveCfg = Debug|Any CPU
		{7CFBC8CB-E14D-4AAF-8FDE-9AE5DE916D82}.AppStore|x86.Build.0 = Debug|Any CPU
		{7CFBC8CB-E14D-4AAF-8FDE-9AE5DE916D82}.Debug|Any CPU.ActiveCfg = Debug|Any CPU
		{7CFBC8CB-E14D-4AAF-8FDE-9AE5DE916D82}.Debug|Any CPU.Build.0 = Debug|Any CPU
		{7CFBC8CB-E14D-4AAF-8FDE-9AE5DE916D82}.Debug|ARM.ActiveCfg = Debug|Any CPU
		{7CFBC8CB-E14D-4AAF-8FDE-9AE5DE916D82}.Debug|ARM.Build.0 = Debug|Any CPU
		{7CFBC8CB-E14D-4AAF-8FDE-9AE5DE916D82}.Debug|iPhone.ActiveCfg = Debug|Any CPU
		{7CFBC8CB-E14D-4AAF-8FDE-9AE5DE916D82}.Debug|iPhone.Build.0 = Debug|Any CPU
		{7CFBC8CB-E14D-4AAF-8FDE-9AE5DE916D82}.Debug|iPhoneSimulator.ActiveCfg = Debug|Any CPU
		{7CFBC8CB-E14D-4AAF-8FDE-9AE5DE916D82}.Debug|iPhoneSimulator.Build.0 = Debug|Any CPU
		{7CFBC8CB-E14D-4AAF-8FDE-9AE5DE916D82}.Debug|x64.ActiveCfg = Debug|Any CPU
		{7CFBC8CB-E14D-4AAF-8FDE-9AE5DE916D82}.Debug|x64.Build.0 = Debug|Any CPU
		{7CFBC8CB-E14D-4AAF-8FDE-9AE5DE916D82}.Debug|x86.ActiveCfg = Debug|Any CPU
		{7CFBC8CB-E14D-4AAF-8FDE-9AE5DE916D82}.Debug|x86.Build.0 = Debug|Any CPU
		{7CFBC8CB-E14D-4AAF-8FDE-9AE5DE916D82}.Release|Any CPU.ActiveCfg = Release|Any CPU
		{7CFBC8CB-E14D-4AAF-8FDE-9AE5DE916D82}.Release|Any CPU.Build.0 = Release|Any CPU
		{7CFBC8CB-E14D-4AAF-8FDE-9AE5DE916D82}.Release|ARM.ActiveCfg = Release|Any CPU
		{7CFBC8CB-E14D-4AAF-8FDE-9AE5DE916D82}.Release|ARM.Build.0 = Release|Any CPU
		{7CFBC8CB-E14D-4AAF-8FDE-9AE5DE916D82}.Release|iPhone.ActiveCfg = Release|Any CPU
		{7CFBC8CB-E14D-4AAF-8FDE-9AE5DE916D82}.Release|iPhone.Build.0 = Release|Any CPU
		{7CFBC8CB-E14D-4AAF-8FDE-9AE5DE916D82}.Release|iPhoneSimulator.ActiveCfg = Release|Any CPU
		{7CFBC8CB-E14D-4AAF-8FDE-9AE5DE916D82}.Release|iPhoneSimulator.Build.0 = Release|Any CPU
		{7CFBC8CB-E14D-4AAF-8FDE-9AE5DE916D82}.Release|x64.ActiveCfg = Release|Any CPU
		{7CFBC8CB-E14D-4AAF-8FDE-9AE5DE916D82}.Release|x64.Build.0 = Release|Any CPU
		{7CFBC8CB-E14D-4AAF-8FDE-9AE5DE916D82}.Release|x86.ActiveCfg = Release|Any CPU
		{7CFBC8CB-E14D-4AAF-8FDE-9AE5DE916D82}.Release|x86.Build.0 = Release|Any CPU
	EndGlobalSection
	GlobalSection(SolutionProperties) = preSolution
		HideSolutionNode = FALSE
	EndGlobalSection
	GlobalSection(ExtensibilityGlobals) = postSolution
		SolutionGuid = {78B4F228-8913-4CCE-88F1-9A9A046AC7B8}
	EndGlobalSection
EndGlobal
